
Microsoft Visual Studio Solution File, Format Version 12.00
# Visual Studio Version 17
VisualStudioVersion = 17.5.33530.505
MinimumVisualStudioVersion = 10.0.40219.1
Project("{FAE04EC0-301F-11D3-BF4B-00C04F79EFBC}") = "QUANLYKHACHSAN", "QUANLYKHACHSAN\QUANLYKHACHSAN.csproj", "{0E0411C3-A77A-4F9F-858D-C04FEBC2C7F7}"
EndProject
Global
	GlobalSection(SolutionConfigurationPlatforms) = preSolution
		Debug|Any CPU = Debug|Any CPU
		Release|Any CPU = Release|Any CPU
	EndGlobalSection
	GlobalSection(ProjectConfigurationPlatforms) = postSolution
		{0E0411C3-A77A-4F9F-858D-C04FEBC2C7F7}.Debug|Any CPU.ActiveCfg = Debug|Any CPU
		{0E0411C3-A77A-4F9F-858D-C04FEBC2C7F7}.Debug|Any CPU.Build.0 = Debug|Any CPU
		{0E0411C3-A77A-4F9F-858D-C04FEBC2C7F7}.Release|Any CPU.ActiveCfg = Release|Any CPU
		{0E0411C3-A77A-4F9F-858D-C04FEBC2C7F7}.Release|Any CPU.Build.0 = Release|Any CPU
	EndGlobalSection
	GlobalSection(SolutionProperties) = preSolution
		HideSolutionNode = FALSE
	EndGlobalSection
	GlobalSection(ExtensibilityGlobals) = postSolution
		SolutionGuid = {806942E7-AC94-470D-8772-828E99DD12CD}
	EndGlobalSection
EndGlobal
